
Microsoft Visual Studio Solution File, Format Version 12.00
# Visual Studio Version 17
VisualStudioVersion = 17.0.31912.275
MinimumVisualStudioVersion = 10.0.40219.1
Project("{2150E333-8FDC-42A3-9474-1A3956D46DE8}") = "FrontEnd", "FrontEnd", "{94DAD28A-AF7A-485E-8A83-4E520563AD4C}"
EndProject
Project("{2150E333-8FDC-42A3-9474-1A3956D46DE8}") = "Service", "Service", "{7CB747E9-E953-4406-B2EE-73BB9F3C318B}"
EndProject
Project("{9A19103F-16F7-4668-BE54-9A1E7A4F7556}") = "MicroStruct.Web", "FrontEnd\MicroStruct.Web\MicroStruct.Web.csproj", "{0986BC45-0E56-400B-9B4D-29C8DA20A3F5}"
EndProject
Project("{9A19103F-16F7-4668-BE54-9A1E7A4F7556}") = "MicroStruct.Services.Identity", "Services\MicroStruct.Services.Identity\MicroStruct.Services.Identity.csproj", "{65A25329-2FE3-4119-A3F1-DA334A6FEDB2}"
EndProject
Project("{9A19103F-16F7-4668-BE54-9A1E7A4F7556}") = "MicroStruct.Services.WorkflowApi", "MicroStruct.Services.Workflow\MicroStruct.Services.WorkflowApi.csproj", "{FDC194C6-CDA9-4323-8B38-1FE628AE3D21}"
EndProject
Project("{2150E333-8FDC-42A3-9474-1A3956D46DE8}") = "Shared", "Shared", "{547AAB3A-5005-4500-942A-C1D93DA19E85}"
EndProject
Global
	GlobalSection(SolutionConfigurationPlatforms) = preSolution
		Debug|Any CPU = Debug|Any CPU
		Release|Any CPU = Release|Any CPU
	EndGlobalSection
	GlobalSection(ProjectConfigurationPlatforms) = postSolution
		{0986BC45-0E56-400B-9B4D-29C8DA20A3F5}.Debug|Any CPU.ActiveCfg = Debug|Any CPU
		{0986BC45-0E56-400B-9B4D-29C8DA20A3F5}.Debug|Any CPU.Build.0 = Debug|Any CPU
		{0986BC45-0E56-400B-9B4D-29C8DA20A3F5}.Release|Any CPU.ActiveCfg = Release|Any CPU
		{0986BC45-0E56-400B-9B4D-29C8DA20A3F5}.Release|Any CPU.Build.0 = Release|Any CPU
		{65A25329-2FE3-4119-A3F1-DA334A6FEDB2}.Debug|Any CPU.ActiveCfg = Debug|Any CPU
		{65A25329-2FE3-4119-A3F1-DA334A6FEDB2}.Debug|Any CPU.Build.0 = Debug|Any CPU
		{65A25329-2FE3-4119-A3F1-DA334A6FEDB2}.Release|Any CPU.ActiveCfg = Release|Any CPU
		{65A25329-2FE3-4119-A3F1-DA334A6FEDB2}.Release|Any CPU.Build.0 = Release|Any CPU
		{FDC194C6-CDA9-4323-8B38-1FE628AE3D21}.Debug|Any CPU.ActiveCfg = Debug|Any CPU
		{FDC194C6-CDA9-4323-8B38-1FE628AE3D21}.Debug|Any CPU.Build.0 = Debug|Any CPU
		{FDC194C6-CDA9-4323-8B38-1FE628AE3D21}.Release|Any CPU.ActiveCfg = Release|Any CPU
		{FDC194C6-CDA9-4323-8B38-1FE628AE3D21}.Release|Any CPU.Build.0 = Release|Any CPU
	EndGlobalSection
	GlobalSection(SolutionProperties) = preSolution
		HideSolutionNode = FALSE
	EndGlobalSection
	GlobalSection(NestedProjects) = preSolution
		{0986BC45-0E56-400B-9B4D-29C8DA20A3F5} = {94DAD28A-AF7A-485E-8A83-4E520563AD4C}
		{65A25329-2FE3-4119-A3F1-DA334A6FEDB2} = {7CB747E9-E953-4406-B2EE-73BB9F3C318B}
		{FDC194C6-CDA9-4323-8B38-1FE628AE3D21} = {7CB747E9-E953-4406-B2EE-73BB9F3C318B}
	EndGlobalSection
	GlobalSection(ExtensibilityGlobals) = postSolution
		SolutionGuid = {6537B14C-FBF9-4A68-A861-E6C7D29CD10B}
	EndGlobalSection
EndGlobal
